// !$*UTF8*$!
{
	archiveVersion = 1;
	classes = {
	};
	objectVersion = 46;
	objects = {

/* Begin PBXBuildFile section */
		8E2FDFB31A07ED450038C1E4 /* Makefile in Sources */ = {isa = PBXBuildFile; fileRef = 8E2FDFA51A07ED450038C1E4 /* Makefile */; };
		8E2FDFB41A07ED450038C1E4 /* ASTBuilder.cpp in Sources */ = {isa = PBXBuildFile; fileRef = 8E2FDFA71A07ED450038C1E4 /* ASTBuilder.cpp */; };
		8E2FDFB51A07ED450038C1E4 /* Lexer.cpp in Sources */ = {isa = PBXBuildFile; fileRef = 8E2FDFAA1A07ED450038C1E4 /* Lexer.cpp */; };
		8E2FDFB61A07ED450038C1E4 /* README.md in Sources */ = {isa = PBXBuildFile; fileRef = 8E2FDFAE1A07ED450038C1E4 /* README.md */; };
		8E2FDFB91A07EF260038C1E4 /* ajs.cpp in Sources */ = {isa = PBXBuildFile; fileRef = 8E2FDFB81A07EF260038C1E4 /* ajs.cpp */; };
/* End PBXBuildFile section */

/* Begin PBXCopyFilesBuildPhase section */
		8E2FDF891A07E9F50038C1E4 /* CopyFiles */ = {
			isa = PBXCopyFilesBuildPhase;
			buildActionMask = 2147483647;
			dstPath = /usr/share/man/man1/;
			dstSubfolderSpec = 0;
			files = (
			);
			runOnlyForDeploymentPostprocessing = 1;
		};
/* End PBXCopyFilesBuildPhase section */

/* Begin PBXFileReference section */
		8E2FDF9C1A07ED450038C1E4 /* toy.cpp */ = {isa = PBXFileReference; fileEncoding = 4; lastKnownFileType = sourcecode.cpp.cpp; path = toy.cpp; sourceTree = "<group>"; };
		8E2FDF9F1A07ED450038C1E4 /* AUTHORS */ = {isa = PBXFileReference; fileEncoding = 4; lastKnownFileType = text; path = AUTHORS; sourceTree = "<group>"; };
		8E2FDFA31A07ED450038C1E4 /* Source.js */ = {isa = PBXFileReference; fileEncoding = 4; lastKnownFileType = sourcecode.javascript; path = Source.js; sourceTree = "<group>"; };
		8E2FDFA41A07ED450038C1E4 /* LICENSE-MIT */ = {isa = PBXFileReference; fileEncoding = 4; lastKnownFileType = text; path = "LICENSE-MIT"; sourceTree = "<group>"; };
		8E2FDFA51A07ED450038C1E4 /* Makefile */ = {isa = PBXFileReference; fileEncoding = 4; lastKnownFileType = sourcecode.make; path = Makefile; sourceTree = "<group>"; };
		8E2FDFA71A07ED450038C1E4 /* ASTBuilder.cpp */ = {isa = PBXFileReference; fileEncoding = 4; lastKnownFileType = sourcecode.cpp.cpp; path = ASTBuilder.cpp; sourceTree = "<group>"; };
		8E2FDFA81A07ED450038C1E4 /* ASTBuilder.h */ = {isa = PBXFileReference; fileEncoding = 4; lastKnownFileType = sourcecode.c.h; path = ASTBuilder.h; sourceTree = "<group>"; };
		8E2FDFA91A07ED450038C1E4 /* Keyword.h */ = {isa = PBXFileReference; fileEncoding = 4; lastKnownFileType = sourcecode.c.h; path = Keyword.h; sourceTree = "<group>"; };
		8E2FDFAA1A07ED450038C1E4 /* Lexer.cpp */ = {isa = PBXFileReference; fileEncoding = 4; lastKnownFileType = sourcecode.cpp.cpp; path = Lexer.cpp; sourceTree = "<group>"; };
		8E2FDFAB1A07ED450038C1E4 /* Lexer.h */ = {isa = PBXFileReference; fileEncoding = 4; lastKnownFileType = sourcecode.c.h; path = Lexer.h; sourceTree = "<group>"; };
		8E2FDFAE1A07ED450038C1E4 /* README.md */ = {isa = PBXFileReference; fileEncoding = 4; lastKnownFileType = net.daringfireball.markdown; path = README.md; sourceTree = "<group>"; };
		8E2FDFB81A07EF260038C1E4 /* ajs.cpp */ = {isa = PBXFileReference; fileEncoding = 4; lastKnownFileType = sourcecode.cpp.cpp; path = ajs.cpp; sourceTree = "<group>"; };
		8E2FDFBF1A07F9930038C1E4 /* .gitignore */ = {isa = PBXFileReference; lastKnownFileType = text; path = .gitignore; sourceTree = "<group>"; };
		8E2FDFC01A07F9A30038C1E4 /* .editorconfig */ = {isa = PBXFileReference; lastKnownFileType = text; path = .editorconfig; sourceTree = "<group>"; };
		8E2FDFC11A07FC4E0038C1E4 /* Keywords.table */ = {isa = PBXFileReference; fileEncoding = 4; lastKnownFileType = text; path = Keywords.table; sourceTree = "<group>"; };
		8E2FDFC21A087E2B0038C1E4 /* AtScript */ = {isa = PBXFileReference; explicitFileType = "compiled.mach-o.executable"; includeInIndex = 0; name = AtScript; path = /Users/tinganho/Development/AtScript/Build/Debug/AtScript; sourceTree = "<absolute>"; };
/* End PBXFileReference section */

/* Begin PBXFrameworksBuildPhase section */
		8E2FDF881A07E9F50038C1E4 /* Frameworks */ = {
			isa = PBXFrameworksBuildPhase;
			buildActionMask = 2147483647;
			files = (
			);
			runOnlyForDeploymentPostprocessing = 0;
		};
/* End PBXFrameworksBuildPhase section */

/* Begin PBXGroup section */
		8E2FDF821A07E9F50038C1E4 = {
			isa = PBXGroup;
			children = (
				8E2FDF9C1A07ED450038C1E4 /* toy.cpp */,
				8E2FDFB71A07EF260038C1E4 /* Binaries */,
				8E2FDFA21A07ED450038C1E4 /* Examples */,
				8E2FDFA61A07ED450038C1E4 /* Parser */,
				8E2FDFAD1A07ED450038C1E4 /* PerformanceTests */,
				8E2FDFAF1A07ED450038C1E4 /* Runtime */,
				8E2FDFB01A07ED450038C1E4 /* Specifications */,
				8E2FDFA51A07ED450038C1E4 /* Makefile */,
				8E2FDFA41A07ED450038C1E4 /* LICENSE-MIT */,
				8E2FDF9F1A07ED450038C1E4 /* AUTHORS */,
				8E2FDFAE1A07ED450038C1E4 /* README.md */,
				8E2FDFBF1A07F9930038C1E4 /* .gitignore */,
				8E2FDFC01A07F9A30038C1E4 /* .editorconfig */,
			);
			sourceTree = "<group>";
		};
		8E2FDFA21A07ED450038C1E4 /* Examples */ = {
			isa = PBXGroup;
			children = (
				8E2FDFA31A07ED450038C1E4 /* Source.js */,
			);
			path = Examples;
			sourceTree = "<group>";
		};
		8E2FDFA61A07ED450038C1E4 /* Parser */ = {
			isa = PBXGroup;
			children = (
				8E2FDFA71A07ED450038C1E4 /* ASTBuilder.cpp */,
				8E2FDFA81A07ED450038C1E4 /* ASTBuilder.h */,
				8E2FDFA91A07ED450038C1E4 /* Keyword.h */,
				8E2FDFAA1A07ED450038C1E4 /* Lexer.cpp */,
				8E2FDFAB1A07ED450038C1E4 /* Lexer.h */,
				8E2FDFC11A07FC4E0038C1E4 /* Keywords.table */,
			);
			path = Parser;
			sourceTree = "<group>";
		};
		8E2FDFAD1A07ED450038C1E4 /* PerformanceTests */ = {
			isa = PBXGroup;
			children = (
			);
			path = PerformanceTests;
			sourceTree = "<group>";
		};
		8E2FDFAF1A07ED450038C1E4 /* Runtime */ = {
			isa = PBXGroup;
			children = (
			);
			path = Runtime;
			sourceTree = "<group>";
		};
		8E2FDFB01A07ED450038C1E4 /* Specifications */ = {
			isa = PBXGroup;
			children = (
			);
			path = Specifications;
			sourceTree = "<group>";
		};
		8E2FDFB71A07EF260038C1E4 /* Binaries */ = {
			isa = PBXGroup;
			children = (
				8E2FDFB81A07EF260038C1E4 /* ajs.cpp */,
			);
			path = Binaries;
			sourceTree = "<group>";
		};
/* End PBXGroup section */

/* Begin PBXNativeTarget section */
		8E2FDF8A1A07E9F50038C1E4 /* AtScript */ = {
			isa = PBXNativeTarget;
			buildConfigurationList = 8E2FDF921A07E9F50038C1E4 /* Build configuration list for PBXNativeTarget "AtScript" */;
			buildPhases = (
				8E2FDF871A07E9F50038C1E4 /* Sources */,
				8E2FDF881A07E9F50038C1E4 /* Frameworks */,
				8E2FDF891A07E9F50038C1E4 /* CopyFiles */,
			);
			buildRules = (
			);
			dependencies = (
			);
			name = AtScript;
			productName = AtScript;
			productReference = 8E2FDFC21A087E2B0038C1E4 /* AtScript */;
			productType = "com.apple.product-type.tool";
		};
/* End PBXNativeTarget section */

/* Begin PBXProject section */
		8E2FDF831A07E9F50038C1E4 /* Project object */ = {
			isa = PBXProject;
			attributes = {
				LastUpgradeCheck = 0610;
				ORGANIZATIONNAME = "Tingan Ho";
				TargetAttributes = {
					8E2FDF8A1A07E9F50038C1E4 = {
						CreatedOnToolsVersion = 6.1;
					};
				};
			};
			buildConfigurationList = 8E2FDF861A07E9F50038C1E4 /* Build configuration list for PBXProject "AtScript" */;
			compatibilityVersion = "Xcode 3.2";
			developmentRegion = English;
			hasScannedForEncodings = 0;
			knownRegions = (
				en,
			);
			mainGroup = 8E2FDF821A07E9F50038C1E4;
			productRefGroup = 8E2FDF821A07E9F50038C1E4;
			projectDirPath = "";
			projectRoot = "";
			targets = (
				8E2FDF8A1A07E9F50038C1E4 /* AtScript */,
			);
		};
/* End PBXProject section */

/* Begin PBXSourcesBuildPhase section */
		8E2FDF871A07E9F50038C1E4 /* Sources */ = {
			isa = PBXSourcesBuildPhase;
			buildActionMask = 2147483647;
			files = (
				8E2FDFB91A07EF260038C1E4 /* ajs.cpp in Sources */,
				8E2FDFB31A07ED450038C1E4 /* Makefile in Sources */,
				8E2FDFB51A07ED450038C1E4 /* Lexer.cpp in Sources */,
				8E2FDFB41A07ED450038C1E4 /* ASTBuilder.cpp in Sources */,
				8E2FDFB61A07ED450038C1E4 /* README.md in Sources */,
			);
			runOnlyForDeploymentPostprocessing = 0;
		};
/* End PBXSourcesBuildPhase section */

/* Begin XCBuildConfiguration section */
		8E2FDF901A07E9F50038C1E4 /* Debug */ = {
			isa = XCBuildConfiguration;
			buildSettings = {
				ALWAYS_SEARCH_USER_PATHS = NO;
				CLANG_CXX_LANGUAGE_STANDARD = "gnu++0x";
				CLANG_CXX_LIBRARY = "libc++";
				CLANG_ENABLE_MODULES = YES;
				CLANG_ENABLE_OBJC_ARC = YES;
				CLANG_WARN_BOOL_CONVERSION = YES;
				CLANG_WARN_CONSTANT_CONVERSION = YES;
				CLANG_WARN_DIRECT_OBJC_ISA_USAGE = YES_ERROR;
				CLANG_WARN_EMPTY_BODY = YES;
				CLANG_WARN_ENUM_CONVERSION = YES;
				CLANG_WARN_INT_CONVERSION = YES;
				CLANG_WARN_OBJC_ROOT_CLASS = YES_ERROR;
				CLANG_WARN_UNREACHABLE_CODE = YES;
				CLANG_WARN__DUPLICATE_METHOD_MATCH = YES;
				COPY_PHASE_STRIP = NO;
				ENABLE_STRICT_OBJC_MSGSEND = YES;
				GCC_C_LANGUAGE_STANDARD = gnu99;
				GCC_DYNAMIC_NO_PIC = NO;
				GCC_OPTIMIZATION_LEVEL = 0;
				GCC_PREPROCESSOR_DEFINITIONS = (
					"DEBUG=1",
					"$(inherited)",
				);
				GCC_SYMBOLS_PRIVATE_EXTERN = NO;
				GCC_WARN_64_TO_32_BIT_CONVERSION = YES;
				GCC_WARN_ABOUT_RETURN_TYPE = YES_ERROR;
				GCC_WARN_UNDECLARED_SELECTOR = YES;
				GCC_WARN_UNINITIALIZED_AUTOS = YES_AGGRESSIVE;
				GCC_WARN_UNUSED_FUNCTION = YES;
				GCC_WARN_UNUSED_VARIABLE = YES;
				MACOSX_DEPLOYMENT_TARGET = 10.10;
				MTL_ENABLE_DEBUG_INFO = YES;
				ONLY_ACTIVE_ARCH = YES;
				SDKROOT = macosx;
			};
			name = Debug;
		};
		8E2FDF911A07E9F50038C1E4 /* Release */ = {
			isa = XCBuildConfiguration;
			buildSettings = {
				ALWAYS_SEARCH_USER_PATHS = NO;
				CLANG_CXX_LANGUAGE_STANDARD = "gnu++0x";
				CLANG_CXX_LIBRARY = "libc++";
				CLANG_ENABLE_MODULES = YES;
				CLANG_ENABLE_OBJC_ARC = YES;
				CLANG_WARN_BOOL_CONVERSION = YES;
				CLANG_WARN_CONSTANT_CONVERSION = YES;
				CLANG_WARN_DIRECT_OBJC_ISA_USAGE = YES_ERROR;
				CLANG_WARN_EMPTY_BODY = YES;
				CLANG_WARN_ENUM_CONVERSION = YES;
				CLANG_WARN_INT_CONVERSION = YES;
				CLANG_WARN_OBJC_ROOT_CLASS = YES_ERROR;
				CLANG_WARN_UNREACHABLE_CODE = YES;
				CLANG_WARN__DUPLICATE_METHOD_MATCH = YES;
				COPY_PHASE_STRIP = YES;
				DEBUG_INFORMATION_FORMAT = "dwarf-with-dsym";
				ENABLE_NS_ASSERTIONS = NO;
				ENABLE_STRICT_OBJC_MSGSEND = YES;
				GCC_C_LANGUAGE_STANDARD = gnu99;
				GCC_WARN_64_TO_32_BIT_CONVERSION = YES;
				GCC_WARN_ABOUT_RETURN_TYPE = YES_ERROR;
				GCC_WARN_UNDECLARED_SELECTOR = YES;
				GCC_WARN_UNINITIALIZED_AUTOS = YES_AGGRESSIVE;
				GCC_WARN_UNUSED_FUNCTION = YES;
				GCC_WARN_UNUSED_VARIABLE = YES;
				MACOSX_DEPLOYMENT_TARGET = 10.10;
				MTL_ENABLE_DEBUG_INFO = NO;
				SDKROOT = macosx;
			};
			name = Release;
		};
		8E2FDF931A07E9F50038C1E4 /* Debug */ = {
			isa = XCBuildConfiguration;
			buildSettings = {
				PRODUCT_NAME = "$(TARGET_NAME)";
				SYMROOT = Build;
			};
			name = Debug;
		};
		8E2FDF941A07E9F50038C1E4 /* Release */ = {
			isa = XCBuildConfiguration;
			buildSettings = {
				PRODUCT_NAME = "$(TARGET_NAME)";
				SYMROOT = ajs;
			};
			name = Release;
		};
/* End XCBuildConfiguration section */

/* Begin XCConfigurationList section */
		8E2FDF861A07E9F50038C1E4 /* Build configuration list for PBXProject "AtScript" */ = {
			isa = XCConfigurationList;
			buildConfigurations = (
				8E2FDF901A07E9F50038C1E4 /* Debug */,
				8E2FDF911A07E9F50038C1E4 /* Release */,
			);
			defaultConfigurationIsVisible = 0;
			defaultConfigurationName = Debug;
		};
		8E2FDF921A07E9F50038C1E4 /* Build configuration list for PBXNativeTarget "AtScript" */ = {
			isa = XCConfigurationList;
			buildConfigurations = (
				8E2FDF931A07E9F50038C1E4 /* Debug */,
				8E2FDF941A07E9F50038C1E4 /* Release */,
			);
			defaultConfigurationIsVisible = 0;
			defaultConfigurationName = Debug;
		};
/* End XCConfigurationList section */
	};
	rootObject = 8E2FDF831A07E9F50038C1E4 /* Project object */;
}
